
Microsoft Visual Studio Solution File, Format Version 12.00
# Visual Studio Express 2012 for Windows Desktop
Project("{FAE04EC0-301F-11D3-BF4B-00C04F79EFBC}") = "AllTogetherApps", "AllTogetherApps\AllTogetherApps.csproj", "{D12CD84E-0E2B-4FE0-977E-BD6F6F3BBA42}"
EndProject
Global
	GlobalSection(SolutionConfigurationPlatforms) = preSolution
		Debug|Any CPU = Debug|Any CPU
		Release|Any CPU = Release|Any CPU
	EndGlobalSection
	GlobalSection(ProjectConfigurationPlatforms) = postSolution
		{D12CD84E-0E2B-4FE0-977E-BD6F6F3BBA42}.Debug|Any CPU.ActiveCfg = Debug|Any CPU
		{D12CD84E-0E2B-4FE0-977E-BD6F6F3BBA42}.Debug|Any CPU.Build.0 = Debug|Any CPU
		{D12CD84E-0E2B-4FE0-977E-BD6F6F3BBA42}.Release|Any CPU.ActiveCfg = Release|Any CPU
		{D12CD84E-0E2B-4FE0-977E-BD6F6F3BBA42}.Release|Any CPU.Build.0 = Release|Any CPU
	EndGlobalSection
	GlobalSection(SolutionProperties) = preSolution
		HideSolutionNode = FALSE
	EndGlobalSection
EndGlobal
